
Microsoft Visual Studio Solution File, Format Version 12.00
Project("{FAE04EC0-301F-11D3-BF4B-00C04F79EFBC}") = "VideoTag", "VideoTag\VideoTag.csproj", "{D166A6E6-2E91-40F0-A9B4-39B4BB95E3EA}"
EndProject
Project("{FAE04EC0-301F-11D3-BF4B-00C04F79EFBC}") = "Common", "Common\Common.csproj", "{B31202A8-7366-4AE9-944D-5F005C45F0F4}"
EndProject
Project("{FAE04EC0-301F-11D3-BF4B-00C04F79EFBC}") = "VideoModule", "VideoModule\VideoModule.csproj", "{FA0A6424-1C8E-41C8-AA83-F4D1220A0DA5}"
EndProject
Project("{FAE04EC0-301F-11D3-BF4B-00C04F79EFBC}") = "Doctor", "Doctor\Doctor.csproj", "{A1BF9328-BFF5-4EA0-A925-6288A8B67EBC}"
EndProject
Project("{FAE04EC0-301F-11D3-BF4B-00C04F79EFBC}") = "AuthModule", "AuthModule\AuthModule.csproj", "{CFD1E922-0EAC-4A69-AB93-3997516E2079}"
EndProject
Project("{FAE04EC0-301F-11D3-BF4B-00C04F79EFBC}") = "JobModule", "JobModule\JobModule.csproj", "{F8E724AB-0DFD-4A95-BCDD-C1B11CAF2C29}"
EndProject
Project("{FAE04EC0-301F-11D3-BF4B-00C04F79EFBC}") = "InventoryModule", "InventoryModule\InventoryModule.csproj", "{06234BC2-5CE1-44BD-A0E7-A5FDFEC0A9F6}"
EndProject
Project("{FAE04EC0-301F-11D3-BF4B-00C04F79EFBC}") = "AnalyticsModule", "AnalyticsModule\AnalyticsModule.csproj", "{B9BA3578-F8D5-4055-A7B9-606C0F24424E}"
EndProject
Project("{FAE04EC0-301F-11D3-BF4B-00C04F79EFBC}") = "OrderModule", "OrderModule\OrderModule.csproj", "{82954031-1518-4E1D-BDF8-0D45AD69B37F}"
EndProject
Project("{FAE04EC0-301F-11D3-BF4B-00C04F79EFBC}") = "OrderAPI", "OrderAPI\OrderAPI.csproj", "{FB090469-851C-4248-8337-A29D80F423B3}"
EndProject
Project("{FAE04EC0-301F-11D3-BF4B-00C04F79EFBC}") = "InventoryApi", "InventoryApi\InventoryApi.csproj", "{E5B5032E-F6E5-4771-AF78-88665816010F}"
EndProject
Global
	GlobalSection(SolutionConfigurationPlatforms) = preSolution
		Debug|Any CPU = Debug|Any CPU
		Release|Any CPU = Release|Any CPU
	EndGlobalSection
	GlobalSection(ProjectConfigurationPlatforms) = postSolution
		{D166A6E6-2E91-40F0-A9B4-39B4BB95E3EA}.Debug|Any CPU.ActiveCfg = Debug|Any CPU
		{D166A6E6-2E91-40F0-A9B4-39B4BB95E3EA}.Debug|Any CPU.Build.0 = Debug|Any CPU
		{D166A6E6-2E91-40F0-A9B4-39B4BB95E3EA}.Release|Any CPU.ActiveCfg = Release|Any CPU
		{D166A6E6-2E91-40F0-A9B4-39B4BB95E3EA}.Release|Any CPU.Build.0 = Release|Any CPU
		{B31202A8-7366-4AE9-944D-5F005C45F0F4}.Debug|Any CPU.ActiveCfg = Debug|Any CPU
		{B31202A8-7366-4AE9-944D-5F005C45F0F4}.Debug|Any CPU.Build.0 = Debug|Any CPU
		{B31202A8-7366-4AE9-944D-5F005C45F0F4}.Release|Any CPU.ActiveCfg = Release|Any CPU
		{B31202A8-7366-4AE9-944D-5F005C45F0F4}.Release|Any CPU.Build.0 = Release|Any CPU
		{FA0A6424-1C8E-41C8-AA83-F4D1220A0DA5}.Debug|Any CPU.ActiveCfg = Debug|Any CPU
		{FA0A6424-1C8E-41C8-AA83-F4D1220A0DA5}.Debug|Any CPU.Build.0 = Debug|Any CPU
		{FA0A6424-1C8E-41C8-AA83-F4D1220A0DA5}.Release|Any CPU.ActiveCfg = Release|Any CPU
		{FA0A6424-1C8E-41C8-AA83-F4D1220A0DA5}.Release|Any CPU.Build.0 = Release|Any CPU
		{A1BF9328-BFF5-4EA0-A925-6288A8B67EBC}.Debug|Any CPU.ActiveCfg = Debug|Any CPU
		{A1BF9328-BFF5-4EA0-A925-6288A8B67EBC}.Debug|Any CPU.Build.0 = Debug|Any CPU
		{A1BF9328-BFF5-4EA0-A925-6288A8B67EBC}.Release|Any CPU.ActiveCfg = Release|Any CPU
		{A1BF9328-BFF5-4EA0-A925-6288A8B67EBC}.Release|Any CPU.Build.0 = Release|Any CPU
		{CFD1E922-0EAC-4A69-AB93-3997516E2079}.Debug|Any CPU.ActiveCfg = Debug|Any CPU
		{CFD1E922-0EAC-4A69-AB93-3997516E2079}.Debug|Any CPU.Build.0 = Debug|Any CPU
		{CFD1E922-0EAC-4A69-AB93-3997516E2079}.Release|Any CPU.ActiveCfg = Release|Any CPU
		{CFD1E922-0EAC-4A69-AB93-3997516E2079}.Release|Any CPU.Build.0 = Release|Any CPU
		{F8E724AB-0DFD-4A95-BCDD-C1B11CAF2C29}.Debug|Any CPU.ActiveCfg = Debug|Any CPU
		{F8E724AB-0DFD-4A95-BCDD-C1B11CAF2C29}.Debug|Any CPU.Build.0 = Debug|Any CPU
		{F8E724AB-0DFD-4A95-BCDD-C1B11CAF2C29}.Release|Any CPU.ActiveCfg = Release|Any CPU
		{F8E724AB-0DFD-4A95-BCDD-C1B11CAF2C29}.Release|Any CPU.Build.0 = Release|Any CPU
		{06234BC2-5CE1-44BD-A0E7-A5FDFEC0A9F6}.Debug|Any CPU.ActiveCfg = Debug|Any CPU
		{06234BC2-5CE1-44BD-A0E7-A5FDFEC0A9F6}.Debug|Any CPU.Build.0 = Debug|Any CPU
		{06234BC2-5CE1-44BD-A0E7-A5FDFEC0A9F6}.Release|Any CPU.ActiveCfg = Release|Any CPU
		{06234BC2-5CE1-44BD-A0E7-A5FDFEC0A9F6}.Release|Any CPU.Build.0 = Release|Any CPU
		{B9BA3578-F8D5-4055-A7B9-606C0F24424E}.Debug|Any CPU.ActiveCfg = Debug|Any CPU
		{B9BA3578-F8D5-4055-A7B9-606C0F24424E}.Debug|Any CPU.Build.0 = Debug|Any CPU
		{B9BA3578-F8D5-4055-A7B9-606C0F24424E}.Release|Any CPU.ActiveCfg = Release|Any CPU
		{B9BA3578-F8D5-4055-A7B9-606C0F24424E}.Release|Any CPU.Build.0 = Release|Any CPU
		{82954031-1518-4E1D-BDF8-0D45AD69B37F}.Debug|Any CPU.ActiveCfg = Debug|Any CPU
		{82954031-1518-4E1D-BDF8-0D45AD69B37F}.Debug|Any CPU.Build.0 = Debug|Any CPU
		{82954031-1518-4E1D-BDF8-0D45AD69B37F}.Release|Any CPU.ActiveCfg = Release|Any CPU
		{82954031-1518-4E1D-BDF8-0D45AD69B37F}.Release|Any CPU.Build.0 = Release|Any CPU
		{FB090469-851C-4248-8337-A29D80F423B3}.Debug|Any CPU.ActiveCfg = Debug|Any CPU
		{FB090469-851C-4248-8337-A29D80F423B3}.Debug|Any CPU.Build.0 = Debug|Any CPU
		{FB090469-851C-4248-8337-A29D80F423B3}.Release|Any CPU.ActiveCfg = Release|Any CPU
		{FB090469-851C-4248-8337-A29D80F423B3}.Release|Any CPU.Build.0 = Release|Any CPU
		{E5B5032E-F6E5-4771-AF78-88665816010F}.Debug|Any CPU.ActiveCfg = Debug|Any CPU
		{E5B5032E-F6E5-4771-AF78-88665816010F}.Debug|Any CPU.Build.0 = Debug|Any CPU
		{E5B5032E-F6E5-4771-AF78-88665816010F}.Release|Any CPU.ActiveCfg = Release|Any CPU
		{E5B5032E-F6E5-4771-AF78-88665816010F}.Release|Any CPU.Build.0 = Release|Any CPU
	EndGlobalSection
EndGlobal
